// !$*UTF8*$!
{
	archiveVersion = 1;
	classes = {
	};
	objectVersion = 46;
	objects = {

/* Begin PBXBuildFile section */
		01C9F35919137B58003010A8 /* Foundation.framework in Frameworks */ = {isa = PBXBuildFile; fileRef = 01C9F35819137B58003010A8 /* Foundation.framework */; };
		01C9F35B19137B58003010A8 /* CoreGraphics.framework in Frameworks */ = {isa = PBXBuildFile; fileRef = 01C9F35A19137B58003010A8 /* CoreGraphics.framework */; };
		01C9F35D19137B58003010A8 /* UIKit.framework in Frameworks */ = {isa = PBXBuildFile; fileRef = 01C9F35C19137B58003010A8 /* UIKit.framework */; };
		01C9F36319137B58003010A8 /* InfoPlist.strings in Resources */ = {isa = PBXBuildFile; fileRef = 01C9F36119137B58003010A8 /* InfoPlist.strings */; };
		01C9F36519137B58003010A8 /* main.m in Sources */ = {isa = PBXBuildFile; fileRef = 01C9F36419137B58003010A8 /* main.m */; };
		01C9F36919137B58003010A8 /* AppDelegate.m in Sources */ = {isa = PBXBuildFile; fileRef = 01C9F36819137B58003010A8 /* AppDelegate.m */; };
		01C9F36C19137B58003010A8 /* Main.storyboard in Resources */ = {isa = PBXBuildFile; fileRef = 01C9F36A19137B58003010A8 /* Main.storyboard */; };
		01C9F36F19137B58003010A8 /* ViewController.m in Sources */ = {isa = PBXBuildFile; fileRef = 01C9F36E19137B58003010A8 /* ViewController.m */; };
		01C9F37119137B58003010A8 /* Images.xcassets in Resources */ = {isa = PBXBuildFile; fileRef = 01C9F37019137B58003010A8 /* Images.xcassets */; };
		01C9F38F19137B9D003010A8 /* AudioLayer.m in Sources */ = {isa = PBXBuildFile; fileRef = 01C9F38E19137B9D003010A8 /* AudioLayer.m */; };
		01C9F39119137C9C003010A8 /* QuartzCore.framework in Frameworks */ = {isa = PBXBuildFile; fileRef = 01C9F39019137C9C003010A8 /* QuartzCore.framework */; };
		01C9F39319137CA3003010A8 /* AVFoundation.framework in Frameworks */ = {isa = PBXBuildFile; fileRef = 01C9F39219137CA3003010A8 /* AVFoundation.framework */; };
/* End PBXBuildFile section */

/* Begin PBXFileReference section */
		01C9F35519137B58003010A8 /* AudioLayer.app */ = {isa = PBXFileReference; explicitFileType = wrapper.application; includeInIndex = 0; path = AudioLayer.app; sourceTree = BUILT_PRODUCTS_DIR; };
		01C9F35819137B58003010A8 /* Foundation.framework */ = {isa = PBXFileReference; lastKnownFileType = wrapper.framework; name = Foundation.framework; path = System/Library/Frameworks/Foundation.framework; sourceTree = SDKROOT; };
		01C9F35A19137B58003010A8 /* CoreGraphics.framework */ = {isa = PBXFileReference; lastKnownFileType = wrapper.framework; name = CoreGraphics.framework; path = System/Library/Frameworks/CoreGraphics.framework; sourceTree = SDKROOT; };
		01C9F35C19137B58003010A8 /* UIKit.framework */ = {isa = PBXFileReference; lastKnownFileType = wrapper.framework; name = UIKit.framework; path = System/Library/Frameworks/UIKit.framework; sourceTree = SDKROOT; };
		01C9F36019137B58003010A8 /* AudioLayer-Info.plist */ = {isa = PBXFileReference; lastKnownFileType = text.plist.xml; path = "AudioLayer-Info.plist"; sourceTree = "<group>"; };
		01C9F36219137B58003010A8 /* en */ = {isa = PBXFileReference; lastKnownFileType = text.plist.strings; name = en; path = en.lproj/InfoPlist.strings; sourceTree = "<group>"; };
		01C9F36419137B58003010A8 /* main.m */ = {isa = PBXFileReference; lastKnownFileType = sourcecode.c.objc; path = main.m; sourceTree = "<group>"; };
		01C9F36619137B58003010A8 /* AudioLayer-Prefix.pch */ = {isa = PBXFileReference; lastKnownFileType = sourcecode.c.h; path = "AudioLayer-Prefix.pch"; sourceTree = "<group>"; };
		01C9F36719137B58003010A8 /* AppDelegate.h */ = {isa = PBXFileReference; lastKnownFileType = sourcecode.c.h; path = AppDelegate.h; sourceTree = "<group>"; };
		01C9F36819137B58003010A8 /* AppDelegate.m */ = {isa = PBXFileReference; lastKnownFileType = sourcecode.c.objc; path = AppDelegate.m; sourceTree = "<group>"; };
		01C9F36B19137B58003010A8 /* Base */ = {isa = PBXFileReference; lastKnownFileType = file.storyboard; name = Base; path = Base.lproj/Main.storyboard; sourceTree = "<group>"; };
		01C9F36D19137B58003010A8 /* ViewController.h */ = {isa = PBXFileReference; lastKnownFileType = sourcecode.c.h; path = ViewController.h; sourceTree = "<group>"; };
		01C9F36E19137B58003010A8 /* ViewController.m */ = {isa = PBXFileReference; lastKnownFileType = sourcecode.c.objc; path = ViewController.m; sourceTree = "<group>"; };
		01C9F37019137B58003010A8 /* Images.xcassets */ = {isa = PBXFileReference; lastKnownFileType = folder.assetcatalog; path = Images.xcassets; sourceTree = "<group>"; };
		01C9F37719137B58003010A8 /* XCTest.framework */ = {isa = PBXFileReference; lastKnownFileType = wrapper.framework; name = XCTest.framework; path = Library/Frameworks/XCTest.framework; sourceTree = DEVELOPER_DIR; };
		01C9F38D19137B9D003010A8 /* AudioLayer.h */ = {isa = PBXFileReference; fileEncoding = 4; lastKnownFileType = sourcecode.c.h; path = AudioLayer.h; sourceTree = "<group>"; };
		01C9F38E19137B9D003010A8 /* AudioLayer.m */ = {isa = PBXFileReference; fileEncoding = 4; lastKnownFileType = sourcecode.c.objc; path = AudioLayer.m; sourceTree = "<group>"; };
		01C9F39019137C9C003010A8 /* QuartzCore.framework */ = {isa = PBXFileReference; lastKnownFileType = wrapper.framework; name = QuartzCore.framework; path = System/Library/Frameworks/QuartzCore.framework; sourceTree = SDKROOT; };
		01C9F39219137CA3003010A8 /* AVFoundation.framework */ = {isa = PBXFileReference; lastKnownFileType = wrapper.framework; name = AVFoundation.framework; path = System/Library/Frameworks/AVFoundation.framework; sourceTree = SDKROOT; };
/* End PBXFileReference section */

/* Begin PBXFrameworksBuildPhase section */
		01C9F35219137B58003010A8 /* Frameworks */ = {
			isa = PBXFrameworksBuildPhase;
			buildActionMask = 2147483647;
			files = (
				01C9F39319137CA3003010A8 /* AVFoundation.framework in Frameworks */,
				01C9F39119137C9C003010A8 /* QuartzCore.framework in Frameworks */,
				01C9F35B19137B58003010A8 /* CoreGraphics.framework in Frameworks */,
				01C9F35D19137B58003010A8 /* UIKit.framework in Frameworks */,
				01C9F35919137B58003010A8 /* Foundation.framework in Frameworks */,
			);
			runOnlyForDeploymentPostprocessing = 0;
		};
/* End PBXFrameworksBuildPhase section */

/* Begin PBXGroup section */
		01C9F34C19137B58003010A8 = {
			isa = PBXGroup;
			children = (
				01C9F35E19137B58003010A8 /* AudioLayer */,
				01C9F35719137B58003010A8 /* Frameworks */,
				01C9F35619137B58003010A8 /* Products */,
			);
			sourceTree = "<group>";
		};
		01C9F35619137B58003010A8 /* Products */ = {
			isa = PBXGroup;
			children = (
				01C9F35519137B58003010A8 /* AudioLayer.app */,
			);
			name = Products;
			sourceTree = "<group>";
		};
		01C9F35719137B58003010A8 /* Frameworks */ = {
			isa = PBXGroup;
			children = (
				01C9F39219137CA3003010A8 /* AVFoundation.framework */,
				01C9F39019137C9C003010A8 /* QuartzCore.framework */,
				01C9F35819137B58003010A8 /* Foundation.framework */,
				01C9F35A19137B58003010A8 /* CoreGraphics.framework */,
				01C9F35C19137B58003010A8 /* UIKit.framework */,
				01C9F37719137B58003010A8 /* XCTest.framework */,
			);
			name = Frameworks;
			sourceTree = "<group>";
		};
		01C9F35E19137B58003010A8 /* AudioLayer */ = {
			isa = PBXGroup;
			children = (
				01C9F36719137B58003010A8 /* AppDelegate.h */,
				01C9F36819137B58003010A8 /* AppDelegate.m */,
				01C9F36A19137B58003010A8 /* Main.storyboard */,
				01C9F36D19137B58003010A8 /* ViewController.h */,
				01C9F36E19137B58003010A8 /* ViewController.m */,
				01C9F38D19137B9D003010A8 /* AudioLayer.h */,
				01C9F38E19137B9D003010A8 /* AudioLayer.m */,
				01C9F37019137B58003010A8 /* Images.xcassets */,
				01C9F35F19137B58003010A8 /* Supporting Files */,
			);
			path = AudioLayer;
			sourceTree = "<group>";
		};
		01C9F35F19137B58003010A8 /* Supporting Files */ = {
			isa = PBXGroup;
			children = (
				01C9F36019137B58003010A8 /* AudioLayer-Info.plist */,
				01C9F36119137B58003010A8 /* InfoPlist.strings */,
				01C9F36419137B58003010A8 /* main.m */,
				01C9F36619137B58003010A8 /* AudioLayer-Prefix.pch */,
			);
			name = "Supporting Files";
			sourceTree = "<group>";
		};
/* End PBXGroup section */

/* Begin PBXNativeTarget section */
		01C9F35419137B58003010A8 /* AudioLayer */ = {
			isa = PBXNativeTarget;
			buildConfigurationList = 01C9F38719137B58003010A8 /* Build configuration list for PBXNativeTarget "AudioLayer" */;
			buildPhases = (
				01C9F35119137B58003010A8 /* Sources */,
				01C9F35219137B58003010A8 /* Frameworks */,
				01C9F35319137B58003010A8 /* Resources */,
			);
			buildRules = (
			);
			dependencies = (
			);
			name = AudioLayer;
			productName = AudioLayer;
			productReference = 01C9F35519137B58003010A8 /* AudioLayer.app */;
			productType = "com.apple.product-type.application";
		};
/* End PBXNativeTarget section */

/* Begin PBXProject section */
		01C9F34D19137B58003010A8 /* Project object */ = {
			isa = PBXProject;
			attributes = {
				LastUpgradeCheck = 0510;
				ORGANIZATIONNAME = "Charcoal Design";
			};
			buildConfigurationList = 01C9F35019137B58003010A8 /* Build configuration list for PBXProject "AudioLayer" */;
			compatibilityVersion = "Xcode 3.2";
			developmentRegion = English;
			hasScannedForEncodings = 0;
			knownRegions = (
				en,
				Base,
			);
			mainGroup = 01C9F34C19137B58003010A8;
			productRefGroup = 01C9F35619137B58003010A8 /* Products */;
			projectDirPath = "";
			projectRoot = "";
			targets = (
				01C9F35419137B58003010A8 /* AudioLayer */,
			);
		};
/* End PBXProject section */

/* Begin PBXResourcesBuildPhase section */
		01C9F35319137B58003010A8 /* Resources */ = {
			isa = PBXResourcesBuildPhase;
			buildActionMask = 2147483647;
			files = (
				01C9F37119137B58003010A8 /* Images.xcassets in Resources */,
				01C9F36319137B58003010A8 /* InfoPlist.strings in Resources */,
				01C9F36C19137B58003010A8 /* Main.storyboard in Resources */,
			);
			runOnlyForDeploymentPostprocessing = 0;
		};
/* End PBXResourcesBuildPhase section */

/* Begin PBXSourcesBuildPhase section */
		01C9F35119137B58003010A8 /* Sources */ = {
			isa = PBXSourcesBuildPhase;
			buildActionMask = 2147483647;
			files = (
				01C9F36F19137B58003010A8 /* ViewController.m in Sources */,
				01C9F36919137B58003010A8 /* AppDelegate.m in Sources */,
				01C9F38F19137B9D003010A8 /* AudioLayer.m in Sources */,
				01C9F36519137B58003010A8 /* main.m in Sources */,
			);
			runOnlyForDeploymentPostprocessing = 0;
		};
/* End PBXSourcesBuildPhase section */

/* Begin PBXVariantGroup section */
		01C9F36119137B58003010A8 /* InfoPlist.strings */ = {
			isa = PBXVariantGroup;
			children = (
				01C9F36219137B58003010A8 /* en */,
			);
			name = InfoPlist.strings;
			sourceTree = "<group>";
		};
		01C9F36A19137B58003010A8 /* Main.storyboard */ = {
			isa = PBXVariantGroup;
			children = (
				01C9F36B19137B58003010A8 /* Base */,
			);
			name = Main.storyboard;
			sourceTree = "<group>";
		};
/* End PBXVariantGroup section */

/* Begin XCBuildConfiguration section */
		01C9F38519137B58003010A8 /* Debug */ = {
			isa = XCBuildConfiguration;
			buildSettings = {
				ALWAYS_SEARCH_USER_PATHS = NO;
				CLANG_CXX_LANGUAGE_STANDARD = "gnu++0x";
				CLANG_CXX_LIBRARY = "libc++";
				CLANG_ENABLE_MODULES = YES;
				CLANG_ENABLE_OBJC_ARC = YES;
				CLANG_WARN_BOOL_CONVERSION = YES;
				CLANG_WARN_CONSTANT_CONVERSION = YES;
				CLANG_WARN_DIRECT_OBJC_ISA_USAGE = YES_ERROR;
				CLANG_WARN_EMPTY_BODY = YES;
				CLANG_WARN_ENUM_CONVERSION = YES;
				CLANG_WARN_INT_CONVERSION = YES;
				CLANG_WARN_OBJC_ROOT_CLASS = YES_ERROR;
				CLANG_WARN__DUPLICATE_METHOD_MATCH = YES;
				"CODE_SIGN_IDENTITY[sdk=iphoneos*]" = "iPhone Developer";
				COPY_PHASE_STRIP = NO;
				GCC_C_LANGUAGE_STANDARD = gnu99;
				GCC_DYNAMIC_NO_PIC = NO;
				GCC_OPTIMIZATION_LEVEL = 0;
				GCC_PREPROCESSOR_DEFINITIONS = (
					"DEBUG=1",
					"$(inherited)",
				);
				GCC_SYMBOLS_PRIVATE_EXTERN = NO;
				GCC_WARN_64_TO_32_BIT_CONVERSION = YES;
				GCC_WARN_ABOUT_RETURN_TYPE = YES_ERROR;
				GCC_WARN_UNDECLARED_SELECTOR = YES;
				GCC_WARN_UNINITIALIZED_AUTOS = YES_AGGRESSIVE;
				GCC_WARN_UNUSED_FUNCTION = YES;
				GCC_WARN_UNUSED_VARIABLE = YES;
				IPHONEOS_DEPLOYMENT_TARGET = 6.1;
				ONLY_ACTIVE_ARCH = YES;
				SDKROOT = iphoneos;
			};
			name = Debug;
		};
		01C9F38619137B58003010A8 /* Release */ = {
			isa = XCBuildConfiguration;
			buildSettings = {
				ALWAYS_SEARCH_USER_PATHS = NO;
				CLANG_CXX_LANGUAGE_STANDARD = "gnu++0x";
				CLANG_CXX_LIBRARY = "libc++";
				CLANG_ENABLE_MODULES = YES;
				CLANG_ENABLE_OBJC_ARC = YES;
				CLANG_WARN_BOOL_CONVERSION = YES;
				CLANG_WARN_CONSTANT_CONVERSION = YES;
				CLANG_WARN_DIRECT_OBJC_ISA_USAGE = YES_ERROR;
				CLANG_WARN_EMPTY_BODY = YES;
				CLANG_WARN_ENUM_CONVERSION = YES;
				CLANG_WARN_INT_CONVERSION = YES;
				CLANG_WARN_OBJC_ROOT_CLASS = YES_ERROR;
				CLANG_WARN__DUPLICATE_METHOD_MATCH = YES;
				"CODE_SIGN_IDENTITY[sdk=iphoneos*]" = "iPhone Developer";
				COPY_PHASE_STRIP = YES;
				ENABLE_NS_ASSERTIONS = NO;
				GCC_C_LANGUAGE_STANDARD = gnu99;
				GCC_WARN_64_TO_32_BIT_CONVERSION = YES;
				GCC_WARN_ABOUT_RETURN_TYPE = YES_ERROR;
				GCC_WARN_UNDECLARED_SELECTOR = YES;
				GCC_WARN_UNINITIALIZED_AUTOS = YES_AGGRESSIVE;
				GCC_WARN_UNUSED_FUNCTION = YES;
				GCC_WARN_UNUSED_VARIABLE = YES;
				IPHONEOS_DEPLOYMENT_TARGET = 6.1;
				SDKROOT = iphoneos;
				VALIDATE_PRODUCT = YES;
			};
			name = Release;
		};
		01C9F38819137B58003010A8 /* Debug */ = {
			isa = XCBuildConfiguration;
			buildSettings = {
				ASSETCATALOG_COMPILER_APPICON_NAME = AppIcon;
				ASSETCATALOG_COMPILER_LAUNCHIMAGE_NAME = LaunchImage;
				GCC_PRECOMPILE_PREFIX_HEADER = YES;
				GCC_PREFIX_HEADER = "AudioLayer/AudioLayer-Prefix.pch";
				INFOPLIST_FILE = "AudioLayer/AudioLayer-Info.plist";
				PRODUCT_NAME = "$(TARGET_NAME)";
				WRAPPER_EXTENSION = app;
			};
			name = Debug;
		};
		01C9F38919137B58003010A8 /* Release */ = {
			isa = XCBuildConfiguration;
			buildSettings = {
				ASSETCATALOG_COMPILER_APPICON_NAME = AppIcon;
				ASSETCATALOG_COMPILER_LAUNCHIMAGE_NAME = LaunchImage;
				GCC_PRECOMPILE_PREFIX_HEADER = YES;
				GCC_PREFIX_HEADER = "AudioLayer/AudioLayer-Prefix.pch";
				INFOPLIST_FILE = "AudioLayer/AudioLayer-Info.plist";
				PRODUCT_NAME = "$(TARGET_NAME)";
				WRAPPER_EXTENSION = app;
			};
			name = Release;
		};
/* End XCBuildConfiguration section */

/* Begin XCConfigurationList section */
		01C9F35019137B58003010A8 /* Build configuration list for PBXProject "AudioLayer" */ = {
			isa = XCConfigurationList;
			buildConfigurations = (
				01C9F38519137B58003010A8 /* Debug */,
				01C9F38619137B58003010A8 /* Release */,
			);
			defaultConfigurationIsVisible = 0;
			defaultConfigurationName = Release;
		};
		01C9F38719137B58003010A8 /* Build configuration list for PBXNativeTarget "AudioLayer" */ = {
			isa = XCConfigurationList;
			buildConfigurations = (
				01C9F38819137B58003010A8 /* Debug */,
				01C9F38919137B58003010A8 /* Release */,
			);
			defaultConfigurationIsVisible = 0;
			defaultConfigurationName = Release;
		};
/* End XCConfigurationList section */
	};
	rootObject = 01C9F34D19137B58003010A8 /* Project object */;
}
