// !$*UTF8*$!
{
	archiveVersion = 1;
	classes = {
	};
	objectVersion = 46;
	objects = {

/* Begin PBXBuildFile section */
		017AF7C2190E833100AA6D9D /* Foundation.framework in Frameworks */ = {isa = PBXBuildFile; fileRef = 017AF7C1190E833100AA6D9D /* Foundation.framework */; };
		017AF7C4190E833100AA6D9D /* CoreGraphics.framework in Frameworks */ = {isa = PBXBuildFile; fileRef = 017AF7C3190E833100AA6D9D /* CoreGraphics.framework */; };
		017AF7C6190E833100AA6D9D /* UIKit.framework in Frameworks */ = {isa = PBXBuildFile; fileRef = 017AF7C5190E833100AA6D9D /* UIKit.framework */; };
		017AF7CC190E833100AA6D9D /* InfoPlist.strings in Resources */ = {isa = PBXBuildFile; fileRef = 017AF7CA190E833100AA6D9D /* InfoPlist.strings */; };
		017AF7CE190E833100AA6D9D /* main.m in Sources */ = {isa = PBXBuildFile; fileRef = 017AF7CD190E833100AA6D9D /* main.m */; };
		017AF7D2190E833100AA6D9D /* AppDelegate.m in Sources */ = {isa = PBXBuildFile; fileRef = 017AF7D1190E833100AA6D9D /* AppDelegate.m */; };
		017AF7D5190E833100AA6D9D /* Main.storyboard in Resources */ = {isa = PBXBuildFile; fileRef = 017AF7D3190E833100AA6D9D /* Main.storyboard */; };
		017AF7D8190E833100AA6D9D /* ViewController.m in Sources */ = {isa = PBXBuildFile; fileRef = 017AF7D7190E833100AA6D9D /* ViewController.m */; };
		017AF7DA190E833100AA6D9D /* Images.xcassets in Resources */ = {isa = PBXBuildFile; fileRef = 017AF7D9190E833100AA6D9D /* Images.xcassets */; };
		017AF7F8190E835100AA6D9D /* ClockFace.m in Sources */ = {isa = PBXBuildFile; fileRef = 017AF7F7190E835100AA6D9D /* ClockFace.m */; };
/* End PBXBuildFile section */

/* Begin PBXFileReference section */
		017AF7BE190E833100AA6D9D /* ClockFace2.app */ = {isa = PBXFileReference; explicitFileType = wrapper.application; includeInIndex = 0; path = ClockFace2.app; sourceTree = BUILT_PRODUCTS_DIR; };
		017AF7C1190E833100AA6D9D /* Foundation.framework */ = {isa = PBXFileReference; lastKnownFileType = wrapper.framework; name = Foundation.framework; path = System/Library/Frameworks/Foundation.framework; sourceTree = SDKROOT; };
		017AF7C3190E833100AA6D9D /* CoreGraphics.framework */ = {isa = PBXFileReference; lastKnownFileType = wrapper.framework; name = CoreGraphics.framework; path = System/Library/Frameworks/CoreGraphics.framework; sourceTree = SDKROOT; };
		017AF7C5190E833100AA6D9D /* UIKit.framework */ = {isa = PBXFileReference; lastKnownFileType = wrapper.framework; name = UIKit.framework; path = System/Library/Frameworks/UIKit.framework; sourceTree = SDKROOT; };
		017AF7C9190E833100AA6D9D /* ClockFace2-Info.plist */ = {isa = PBXFileReference; lastKnownFileType = text.plist.xml; path = "ClockFace2-Info.plist"; sourceTree = "<group>"; };
		017AF7CB190E833100AA6D9D /* en */ = {isa = PBXFileReference; lastKnownFileType = text.plist.strings; name = en; path = en.lproj/InfoPlist.strings; sourceTree = "<group>"; };
		017AF7CD190E833100AA6D9D /* main.m */ = {isa = PBXFileReference; lastKnownFileType = sourcecode.c.objc; path = main.m; sourceTree = "<group>"; };
		017AF7CF190E833100AA6D9D /* ClockFace2-Prefix.pch */ = {isa = PBXFileReference; lastKnownFileType = sourcecode.c.h; path = "ClockFace2-Prefix.pch"; sourceTree = "<group>"; };
		017AF7D0190E833100AA6D9D /* AppDelegate.h */ = {isa = PBXFileReference; lastKnownFileType = sourcecode.c.h; path = AppDelegate.h; sourceTree = "<group>"; };
		017AF7D1190E833100AA6D9D /* AppDelegate.m */ = {isa = PBXFileReference; lastKnownFileType = sourcecode.c.objc; path = AppDelegate.m; sourceTree = "<group>"; };
		017AF7D4190E833100AA6D9D /* Base */ = {isa = PBXFileReference; lastKnownFileType = file.storyboard; name = Base; path = Base.lproj/Main.storyboard; sourceTree = "<group>"; };
		017AF7D6190E833100AA6D9D /* ViewController.h */ = {isa = PBXFileReference; lastKnownFileType = sourcecode.c.h; path = ViewController.h; sourceTree = "<group>"; };
		017AF7D7190E833100AA6D9D /* ViewController.m */ = {isa = PBXFileReference; lastKnownFileType = sourcecode.c.objc; path = ViewController.m; sourceTree = "<group>"; };
		017AF7D9190E833100AA6D9D /* Images.xcassets */ = {isa = PBXFileReference; lastKnownFileType = folder.assetcatalog; path = Images.xcassets; sourceTree = "<group>"; };
		017AF7E0190E833100AA6D9D /* XCTest.framework */ = {isa = PBXFileReference; lastKnownFileType = wrapper.framework; name = XCTest.framework; path = Library/Frameworks/XCTest.framework; sourceTree = DEVELOPER_DIR; };
		017AF7F6190E835100AA6D9D /* ClockFace.h */ = {isa = PBXFileReference; fileEncoding = 4; lastKnownFileType = sourcecode.c.h; path = ClockFace.h; sourceTree = "<group>"; };
		017AF7F7190E835100AA6D9D /* ClockFace.m */ = {isa = PBXFileReference; fileEncoding = 4; lastKnownFileType = sourcecode.c.objc; path = ClockFace.m; sourceTree = "<group>"; };
/* End PBXFileReference section */

/* Begin PBXFrameworksBuildPhase section */
		017AF7BB190E833100AA6D9D /* Frameworks */ = {
			isa = PBXFrameworksBuildPhase;
			buildActionMask = 2147483647;
			files = (
				017AF7C4190E833100AA6D9D /* CoreGraphics.framework in Frameworks */,
				017AF7C6190E833100AA6D9D /* UIKit.framework in Frameworks */,
				017AF7C2190E833100AA6D9D /* Foundation.framework in Frameworks */,
			);
			runOnlyForDeploymentPostprocessing = 0;
		};
/* End PBXFrameworksBuildPhase section */

/* Begin PBXGroup section */
		017AF7B5190E833100AA6D9D = {
			isa = PBXGroup;
			children = (
				017AF7C7190E833100AA6D9D /* ClockFace */,
				017AF7C0190E833100AA6D9D /* Frameworks */,
				017AF7BF190E833100AA6D9D /* Products */,
			);
			sourceTree = "<group>";
		};
		017AF7BF190E833100AA6D9D /* Products */ = {
			isa = PBXGroup;
			children = (
				017AF7BE190E833100AA6D9D /* ClockFace2.app */,
			);
			name = Products;
			sourceTree = "<group>";
		};
		017AF7C0190E833100AA6D9D /* Frameworks */ = {
			isa = PBXGroup;
			children = (
				017AF7C1190E833100AA6D9D /* Foundation.framework */,
				017AF7C3190E833100AA6D9D /* CoreGraphics.framework */,
				017AF7C5190E833100AA6D9D /* UIKit.framework */,
				017AF7E0190E833100AA6D9D /* XCTest.framework */,
			);
			name = Frameworks;
			sourceTree = "<group>";
		};
		017AF7C7190E833100AA6D9D /* ClockFace */ = {
			isa = PBXGroup;
			children = (
				017AF7D0190E833100AA6D9D /* AppDelegate.h */,
				017AF7D1190E833100AA6D9D /* AppDelegate.m */,
				017AF7D3190E833100AA6D9D /* Main.storyboard */,
				017AF7F6190E835100AA6D9D /* ClockFace.h */,
				017AF7F7190E835100AA6D9D /* ClockFace.m */,
				017AF7D6190E833100AA6D9D /* ViewController.h */,
				017AF7D7190E833100AA6D9D /* ViewController.m */,
				017AF7D9190E833100AA6D9D /* Images.xcassets */,
				017AF7C8190E833100AA6D9D /* Supporting Files */,
			);
			path = ClockFace;
			sourceTree = "<group>";
		};
		017AF7C8190E833100AA6D9D /* Supporting Files */ = {
			isa = PBXGroup;
			children = (
				017AF7C9190E833100AA6D9D /* ClockFace2-Info.plist */,
				017AF7CA190E833100AA6D9D /* InfoPlist.strings */,
				017AF7CD190E833100AA6D9D /* main.m */,
				017AF7CF190E833100AA6D9D /* ClockFace2-Prefix.pch */,
			);
			name = "Supporting Files";
			sourceTree = "<group>";
		};
/* End PBXGroup section */

/* Begin PBXNativeTarget section */
		017AF7BD190E833100AA6D9D /* ClockFace2 */ = {
			isa = PBXNativeTarget;
			buildConfigurationList = 017AF7F0190E833100AA6D9D /* Build configuration list for PBXNativeTarget "ClockFace2" */;
			buildPhases = (
				017AF7BA190E833100AA6D9D /* Sources */,
				017AF7BB190E833100AA6D9D /* Frameworks */,
				017AF7BC190E833100AA6D9D /* Resources */,
			);
			buildRules = (
			);
			dependencies = (
			);
			name = ClockFace2;
			productName = ClockFace;
			productReference = 017AF7BE190E833100AA6D9D /* ClockFace2.app */;
			productType = "com.apple.product-type.application";
		};
/* End PBXNativeTarget section */

/* Begin PBXProject section */
		017AF7B6190E833100AA6D9D /* Project object */ = {
			isa = PBXProject;
			attributes = {
				LastUpgradeCheck = 0510;
				ORGANIZATIONNAME = "Charcoal Design";
			};
			buildConfigurationList = 017AF7B9190E833100AA6D9D /* Build configuration list for PBXProject "ClockFace2" */;
			compatibilityVersion = "Xcode 3.2";
			developmentRegion = English;
			hasScannedForEncodings = 0;
			knownRegions = (
				en,
				Base,
			);
			mainGroup = 017AF7B5190E833100AA6D9D;
			productRefGroup = 017AF7BF190E833100AA6D9D /* Products */;
			projectDirPath = "";
			projectRoot = "";
			targets = (
				017AF7BD190E833100AA6D9D /* ClockFace2 */,
			);
		};
/* End PBXProject section */

/* Begin PBXResourcesBuildPhase section */
		017AF7BC190E833100AA6D9D /* Resources */ = {
			isa = PBXResourcesBuildPhase;
			buildActionMask = 2147483647;
			files = (
				017AF7DA190E833100AA6D9D /* Images.xcassets in Resources */,
				017AF7CC190E833100AA6D9D /* InfoPlist.strings in Resources */,
				017AF7D5190E833100AA6D9D /* Main.storyboard in Resources */,
			);
			runOnlyForDeploymentPostprocessing = 0;
		};
/* End PBXResourcesBuildPhase section */

/* Begin PBXSourcesBuildPhase section */
		017AF7BA190E833100AA6D9D /* Sources */ = {
			isa = PBXSourcesBuildPhase;
			buildActionMask = 2147483647;
			files = (
				017AF7D8190E833100AA6D9D /* ViewController.m in Sources */,
				017AF7F8190E835100AA6D9D /* ClockFace.m in Sources */,
				017AF7D2190E833100AA6D9D /* AppDelegate.m in Sources */,
				017AF7CE190E833100AA6D9D /* main.m in Sources */,
			);
			runOnlyForDeploymentPostprocessing = 0;
		};
/* End PBXSourcesBuildPhase section */

/* Begin PBXVariantGroup section */
		017AF7CA190E833100AA6D9D /* InfoPlist.strings */ = {
			isa = PBXVariantGroup;
			children = (
				017AF7CB190E833100AA6D9D /* en */,
			);
			name = InfoPlist.strings;
			sourceTree = "<group>";
		};
		017AF7D3190E833100AA6D9D /* Main.storyboard */ = {
			isa = PBXVariantGroup;
			children = (
				017AF7D4190E833100AA6D9D /* Base */,
			);
			name = Main.storyboard;
			sourceTree = "<group>";
		};
/* End PBXVariantGroup section */

/* Begin XCBuildConfiguration section */
		017AF7EE190E833100AA6D9D /* Debug */ = {
			isa = XCBuildConfiguration;
			buildSettings = {
				ALWAYS_SEARCH_USER_PATHS = NO;
				CLANG_CXX_LANGUAGE_STANDARD = "gnu++0x";
				CLANG_CXX_LIBRARY = "libc++";
				CLANG_ENABLE_MODULES = YES;
				CLANG_ENABLE_OBJC_ARC = YES;
				CLANG_WARN_BOOL_CONVERSION = YES;
				CLANG_WARN_CONSTANT_CONVERSION = YES;
				CLANG_WARN_DIRECT_OBJC_ISA_USAGE = YES_ERROR;
				CLANG_WARN_EMPTY_BODY = YES;
				CLANG_WARN_ENUM_CONVERSION = YES;
				CLANG_WARN_INT_CONVERSION = YES;
				CLANG_WARN_OBJC_ROOT_CLASS = YES_ERROR;
				CLANG_WARN__DUPLICATE_METHOD_MATCH = YES;
				"CODE_SIGN_IDENTITY[sdk=iphoneos*]" = "iPhone Developer";
				COPY_PHASE_STRIP = NO;
				GCC_C_LANGUAGE_STANDARD = gnu99;
				GCC_DYNAMIC_NO_PIC = NO;
				GCC_OPTIMIZATION_LEVEL = 0;
				GCC_PREPROCESSOR_DEFINITIONS = (
					"DEBUG=1",
					"$(inherited)",
				);
				GCC_SYMBOLS_PRIVATE_EXTERN = NO;
				GCC_WARN_64_TO_32_BIT_CONVERSION = YES;
				GCC_WARN_ABOUT_RETURN_TYPE = YES_ERROR;
				GCC_WARN_UNDECLARED_SELECTOR = YES;
				GCC_WARN_UNINITIALIZED_AUTOS = YES_AGGRESSIVE;
				GCC_WARN_UNUSED_FUNCTION = YES;
				GCC_WARN_UNUSED_VARIABLE = YES;
				IPHONEOS_DEPLOYMENT_TARGET = 6.1;
				ONLY_ACTIVE_ARCH = YES;
				SDKROOT = iphoneos;
			};
			name = Debug;
		};
		017AF7EF190E833100AA6D9D /* Release */ = {
			isa = XCBuildConfiguration;
			buildSettings = {
				ALWAYS_SEARCH_USER_PATHS = NO;
				CLANG_CXX_LANGUAGE_STANDARD = "gnu++0x";
				CLANG_CXX_LIBRARY = "libc++";
				CLANG_ENABLE_MODULES = YES;
				CLANG_ENABLE_OBJC_ARC = YES;
				CLANG_WARN_BOOL_CONVERSION = YES;
				CLANG_WARN_CONSTANT_CONVERSION = YES;
				CLANG_WARN_DIRECT_OBJC_ISA_USAGE = YES_ERROR;
				CLANG_WARN_EMPTY_BODY = YES;
				CLANG_WARN_ENUM_CONVERSION = YES;
				CLANG_WARN_INT_CONVERSION = YES;
				CLANG_WARN_OBJC_ROOT_CLASS = YES_ERROR;
				CLANG_WARN__DUPLICATE_METHOD_MATCH = YES;
				"CODE_SIGN_IDENTITY[sdk=iphoneos*]" = "iPhone Developer";
				COPY_PHASE_STRIP = YES;
				ENABLE_NS_ASSERTIONS = NO;
				GCC_C_LANGUAGE_STANDARD = gnu99;
				GCC_WARN_64_TO_32_BIT_CONVERSION = YES;
				GCC_WARN_ABOUT_RETURN_TYPE = YES_ERROR;
				GCC_WARN_UNDECLARED_SELECTOR = YES;
				GCC_WARN_UNINITIALIZED_AUTOS = YES_AGGRESSIVE;
				GCC_WARN_UNUSED_FUNCTION = YES;
				GCC_WARN_UNUSED_VARIABLE = YES;
				IPHONEOS_DEPLOYMENT_TARGET = 6.1;
				SDKROOT = iphoneos;
				VALIDATE_PRODUCT = YES;
			};
			name = Release;
		};
		017AF7F1190E833100AA6D9D /* Debug */ = {
			isa = XCBuildConfiguration;
			buildSettings = {
				ASSETCATALOG_COMPILER_APPICON_NAME = AppIcon;
				ASSETCATALOG_COMPILER_LAUNCHIMAGE_NAME = LaunchImage;
				GCC_PRECOMPILE_PREFIX_HEADER = YES;
				GCC_PREFIX_HEADER = "ClockFace/ClockFace2-Prefix.pch";
				INFOPLIST_FILE = "ClockFace/ClockFace2-Info.plist";
				PRODUCT_NAME = ClockFace2;
				WRAPPER_EXTENSION = app;
			};
			name = Debug;
		};
		017AF7F2190E833100AA6D9D /* Release */ = {
			isa = XCBuildConfiguration;
			buildSettings = {
				ASSETCATALOG_COMPILER_APPICON_NAME = AppIcon;
				ASSETCATALOG_COMPILER_LAUNCHIMAGE_NAME = LaunchImage;
				GCC_PRECOMPILE_PREFIX_HEADER = YES;
				GCC_PREFIX_HEADER = "ClockFace/ClockFace2-Prefix.pch";
				INFOPLIST_FILE = "ClockFace/ClockFace2-Info.plist";
				PRODUCT_NAME = ClockFace2;
				WRAPPER_EXTENSION = app;
			};
			name = Release;
		};
/* End XCBuildConfiguration section */

/* Begin XCConfigurationList section */
		017AF7B9190E833100AA6D9D /* Build configuration list for PBXProject "ClockFace2" */ = {
			isa = XCConfigurationList;
			buildConfigurations = (
				017AF7EE190E833100AA6D9D /* Debug */,
				017AF7EF190E833100AA6D9D /* Release */,
			);
			defaultConfigurationIsVisible = 0;
			defaultConfigurationName = Release;
		};
		017AF7F0190E833100AA6D9D /* Build configuration list for PBXNativeTarget "ClockFace2" */ = {
			isa = XCConfigurationList;
			buildConfigurations = (
				017AF7F1190E833100AA6D9D /* Debug */,
				017AF7F2190E833100AA6D9D /* Release */,
			);
			defaultConfigurationIsVisible = 0;
			defaultConfigurationName = Release;
		};
/* End XCConfigurationList section */
	};
	rootObject = 017AF7B6190E833100AA6D9D /* Project object */;
}
